
Microsoft Visual Studio Solution File, Format Version 12.00
# Visual Studio Version 17
VisualStudioVersion = 17.10.35013.160
MinimumVisualStudioVersion = 10.0.40219.1
Project("{9A19103F-16F7-4668-BE54-9A1E7A4F7556}") = "EntityLayer", "EntityLayer\EntityLayer.csproj", "{54814604-D7A8-429F-9A6E-774525318806}"
EndProject
Project("{9A19103F-16F7-4668-BE54-9A1E7A4F7556}") = "DataAccessLayer", "DataAccessLayer\DataAccessLayer.csproj", "{C812C577-3C8A-48C2-B7DD-38CF63C0839F}"
EndProject
Project("{9A19103F-16F7-4668-BE54-9A1E7A4F7556}") = "BusinessLayer", "BusinessLayer\BusinessLayer.csproj", "{5021ED81-4C79-48A2-9E2F-65B66A2D7D0E}"
EndProject
Project("{9A19103F-16F7-4668-BE54-9A1E7A4F7556}") = "TraversalPresentationLayer", "TraversalPresentationLayer\TraversalPresentationLayer.csproj", "{02359A50-0C2A-4130-9947-74E9905D56E9}"
EndProject
Project("{9A19103F-16F7-4668-BE54-9A1E7A4F7556}") = "DTOLayer", "DTOLayer\DTOLayer.csproj", "{1D48D501-4FF6-4C07-ABC7-EFF6E5794214}"
EndProject
Global
	GlobalSection(SolutionConfigurationPlatforms) = preSolution
		Debug|Any CPU = Debug|Any CPU
		Release|Any CPU = Release|Any CPU
	EndGlobalSection
	GlobalSection(ProjectConfigurationPlatforms) = postSolution
		{54814604-D7A8-429F-9A6E-774525318806}.Debug|Any CPU.ActiveCfg = Debug|Any CPU
		{54814604-D7A8-429F-9A6E-774525318806}.Debug|Any CPU.Build.0 = Debug|Any CPU
		{54814604-D7A8-429F-9A6E-774525318806}.Release|Any CPU.ActiveCfg = Release|Any CPU
		{54814604-D7A8-429F-9A6E-774525318806}.Release|Any CPU.Build.0 = Release|Any CPU
		{C812C577-3C8A-48C2-B7DD-38CF63C0839F}.Debug|Any CPU.ActiveCfg = Debug|Any CPU
		{C812C577-3C8A-48C2-B7DD-38CF63C0839F}.Debug|Any CPU.Build.0 = Debug|Any CPU
		{C812C577-3C8A-48C2-B7DD-38CF63C0839F}.Release|Any CPU.ActiveCfg = Release|Any CPU
		{C812C577-3C8A-48C2-B7DD-38CF63C0839F}.Release|Any CPU.Build.0 = Release|Any CPU
		{5021ED81-4C79-48A2-9E2F-65B66A2D7D0E}.Debug|Any CPU.ActiveCfg = Debug|Any CPU
		{5021ED81-4C79-48A2-9E2F-65B66A2D7D0E}.Debug|Any CPU.Build.0 = Debug|Any CPU
		{5021ED81-4C79-48A2-9E2F-65B66A2D7D0E}.Release|Any CPU.ActiveCfg = Release|Any CPU
		{5021ED81-4C79-48A2-9E2F-65B66A2D7D0E}.Release|Any CPU.Build.0 = Release|Any CPU
		{02359A50-0C2A-4130-9947-74E9905D56E9}.Debug|Any CPU.ActiveCfg = Debug|Any CPU
		{02359A50-0C2A-4130-9947-74E9905D56E9}.Debug|Any CPU.Build.0 = Debug|Any CPU
		{02359A50-0C2A-4130-9947-74E9905D56E9}.Release|Any CPU.ActiveCfg = Release|Any CPU
		{02359A50-0C2A-4130-9947-74E9905D56E9}.Release|Any CPU.Build.0 = Release|Any CPU
		{1D48D501-4FF6-4C07-ABC7-EFF6E5794214}.Debug|Any CPU.ActiveCfg = Debug|Any CPU
		{1D48D501-4FF6-4C07-ABC7-EFF6E5794214}.Debug|Any CPU.Build.0 = Debug|Any CPU
		{1D48D501-4FF6-4C07-ABC7-EFF6E5794214}.Release|Any CPU.ActiveCfg = Release|Any CPU
		{1D48D501-4FF6-4C07-ABC7-EFF6E5794214}.Release|Any CPU.Build.0 = Release|Any CPU
	EndGlobalSection
	GlobalSection(SolutionProperties) = preSolution
		HideSolutionNode = FALSE
	EndGlobalSection
	GlobalSection(ExtensibilityGlobals) = postSolution
		SolutionGuid = {CBE94654-3E4B-4335-9C8E-E55134F8870E}
	EndGlobalSection
EndGlobal
